schema: '2.0'
stages:
  preprocess:
    cmd: set PYTHONPATH=.&& python src/pipelines/run_preprocessing.py
    deps:
    - path: data/raw/train_set.csv
      hash: md5
      md5: 8f0705c2c7df698e62e5cea538c2520f
      size: 15236078
      isexec: true
    - path: src/data/data_ingestion.py
      hash: md5
      md5: 231edcae5ce381a2dbcff0da21521485
      size: 343
      isexec: true
    - path: src/features/data_transformation.py
      hash: md5
      md5: 5536a32a8ff154ce59974d35718e704e
      size: 1895
      isexec: true
    - path: src/pipelines/run_preprocessing.py
      hash: md5
      md5: 33b57f07fb62e5224857730f86501237
      size: 729
      isexec: true
    outs:
    - path: data/processed/X_test.csv
      hash: md5
      md5: 96f1022013bd54cf3c1371c0a413560b
      size: 7972234
      isexec: true
    - path: data/processed/X_train.csv
      hash: md5
      md5: 30fe161854f04b4683851e7ad0688c48
      size: 60167549
      isexec: true
    - path: data/processed/y_test.csv
      hash: md5
      md5: 834980b34b24667e0c077c912313e380
      size: 67241
      isexec: true
    - path: data/processed/y_train.csv
      hash: md5
      md5: c9c8d3629ff515e7c3e07dc0a97eeccb
      size: 417477
      isexec: true
  train:
    cmd: set PYTHONPATH=.&& python src/pipelines/run_modelling.py
    deps:
    - path: data/processed/X_train.csv
      hash: md5
      md5: 30fe161854f04b4683851e7ad0688c48
      size: 60167549
      isexec: true
    - path: data/processed/y_train.csv
      hash: md5
      md5: c9c8d3629ff515e7c3e07dc0a97eeccb
      size: 417477
      isexec: true
    - path: src/models/model_trainer.py
      hash: md5
      md5: 8a43c9e7b2da052798374b2a23b5a6c2
      size: 670
      isexec: true
    - path: src/pipelines/run_modelling.py
      hash: md5
      md5: 727cc70542d2e0910b4ad3899aebe299
      size: 1475
      isexec: true
    outs:
    - path: data/processed/xgboost_model.pkl
      hash: md5
      md5: a59f177ddf80e4586cfb62ba0f8fa966
      size: 722656
