schema: '2.0'
stages:
  preprocess:
    cmd: set PYTHONPATH=.&& python src/pipelines/run_preprocessing.py
    deps:
    - path: data/raw/train_set.csv
      hash: md5
      md5: 8f0705c2c7df698e62e5cea538c2520f
      size: 15236078
      isexec: true
    - path: src/data/data_ingestion.py
      hash: md5
      md5: 231edcae5ce381a2dbcff0da21521485
      size: 343
      isexec: true
    - path: src/features/data_transformation.py
      hash: md5
      md5: 5536a32a8ff154ce59974d35718e704e
      size: 1895
      isexec: true
    - path: src/pipelines/run_preprocessing.py
      hash: md5
      md5: 33b57f07fb62e5224857730f86501237
      size: 729
      isexec: true
    outs:
    - path: data/processed/X_test.csv
      hash: md5
      md5: c8e96afae48b0e2a58c12cbb4c73e993
      size: 7967684
      isexec: true
    - path: data/processed/X_train.csv
      hash: md5
      md5: ca2e2a2fe1e037dac45d1e8f1a731dfe
      size: 60158063
      isexec: true
    - path: data/processed/y_test.csv
      hash: md5
      md5: cdbadee52abc22bcd40a43abcbab67fc
      size: 67201
      isexec: true
    - path: data/processed/y_train.csv
      hash: md5
      md5: b4a45374fc86ffb198e86b0166013913
      size: 417413
      isexec: true
  train:
    cmd: set PYTHONPATH=.&& python src/pipelines/run_modelling.py
    deps:
    - path: data/processed/X_train.csv
      hash: md5
      md5: ca2e2a2fe1e037dac45d1e8f1a731dfe
      size: 60158063
      isexec: true
    - path: data/processed/y_train.csv
      hash: md5
      md5: b4a45374fc86ffb198e86b0166013913
      size: 417413
      isexec: true
    - path: src/models/model_trainer.py
      hash: md5
      md5: 8a43c9e7b2da052798374b2a23b5a6c2
      size: 670
      isexec: true
    - path: src/pipelines/run_modelling.py
      hash: md5
      md5: 241adc68b344920ce8e8c2651ecf4a72
      size: 1806
      isexec: true
    outs:
    - path: data/processed/xgboost_model.pkl
      hash: md5
      md5: efec1c07a5a7ba77c50aa728f19426ee
      size: 726124
