schema: '2.0'
stages:
  preprocess:
    cmd: set PYTHONPATH=.&& python src/pipelines/run_preprocessing.py
    deps:
    - path: data/raw/train_set.csv
      hash: md5
      md5: 8f0705c2c7df698e62e5cea538c2520f
      size: 15236078
      isexec: true
    - path: src/data/data_ingestion.py
      hash: md5
      md5: 231edcae5ce381a2dbcff0da21521485
      size: 343
      isexec: true
    - path: src/features/data_transformation.py
      hash: md5
      md5: 5536a32a8ff154ce59974d35718e704e
      size: 1895
      isexec: true
    - path: src/pipelines/run_preprocessing.py
      hash: md5
      md5: 33b57f07fb62e5224857730f86501237
      size: 729
      isexec: true
    outs:
    - path: data/processed/X_test.csv
      hash: md5
      md5: 8205b9b9fe5ad9bc5e31354ea707a06a
      size: 7971385
      isexec: true
    - path: data/processed/X_train.csv
      hash: md5
      md5: 496441933b22a419e05a37dcffdade4e
      size: 60230360
      isexec: true
    - path: data/processed/y_test.csv
      hash: md5
      md5: a6665d4d6c68e4d4801f0a769180ac85
      size: 67233
      isexec: true
    - path: data/processed/y_train.csv
      hash: md5
      md5: 4cd52ba4f421a088ff7a31ca1684b3ce
      size: 417669
      isexec: true
  train:
    cmd: set PYTHONPATH=.&& python src/pipelines/run_modelling.py
    deps:
    - path: data/processed/X_train.csv
      hash: md5
      md5: 496441933b22a419e05a37dcffdade4e
      size: 60230360
      isexec: true
    - path: data/processed/y_train.csv
      hash: md5
      md5: 4cd52ba4f421a088ff7a31ca1684b3ce
      size: 417669
      isexec: true
    - path: src/models/model_trainer.py
      hash: md5
      md5: 8a43c9e7b2da052798374b2a23b5a6c2
      size: 670
      isexec: true
    - path: src/pipelines/run_modelling.py
      hash: md5
      md5: 888c16f781ad21f432284c734a471176
      size: 1174
      isexec: true
    outs:
    - path: data/processed/xgboost_model.pkl
      hash: md5
      md5: 338b741c1ca57ad90e4cdadaa171667c
      size: 719120
